
Microsoft Visual Studio Solution File, Format Version 12.00
# Visual Studio Version 17
VisualStudioVersion = 17.14.36717.8
MinimumVisualStudioVersion = 10.0.40219.1
Project("{FAE04EC0-301F-11D3-BF4B-00C04F79EFBC}") = "WebAPI", "WebAPI\WebAPI.csproj", "{329F2B36-B998-4495-8759-AD8966F75755}"
EndProject
Project("{FAE04EC0-301F-11D3-BF4B-00C04F79EFBC}") = "Scorm.Entities", "Scorm.Entities\Scorm.Entities.csproj", "{0FA82BF3-E788-4F1E-998F-F2D4AEE01E1C}"
EndProject
Project("{FAE04EC0-301F-11D3-BF4B-00C04F79EFBC}") = "Scorm.Business", "Scorm.Business\Scorm.Business.csproj", "{2AF53021-34E0-47CD-BB1F-813521592FC7}"
EndProject
Project("{FAE04EC0-301F-11D3-BF4B-00C04F79EFBC}") = "Scorm.Repositories", "Scorm.Repositories\Scorm.Repositories.csproj", "{B26058C9-97C2-428A-A99C-8326DF43919E}"
EndProject
Global
	GlobalSection(SolutionConfigurationPlatforms) = preSolution
		Debug|Any CPU = Debug|Any CPU
		Release|Any CPU = Release|Any CPU
	EndGlobalSection
	GlobalSection(ProjectConfigurationPlatforms) = postSolution
		{329F2B36-B998-4495-8759-AD8966F75755}.Debug|Any CPU.ActiveCfg = Debug|Any CPU
		{329F2B36-B998-4495-8759-AD8966F75755}.Debug|Any CPU.Build.0 = Debug|Any CPU
		{329F2B36-B998-4495-8759-AD8966F75755}.Release|Any CPU.ActiveCfg = Release|Any CPU
		{329F2B36-B998-4495-8759-AD8966F75755}.Release|Any CPU.Build.0 = Release|Any CPU
		{0FA82BF3-E788-4F1E-998F-F2D4AEE01E1C}.Debug|Any CPU.ActiveCfg = Debug|Any CPU
		{0FA82BF3-E788-4F1E-998F-F2D4AEE01E1C}.Debug|Any CPU.Build.0 = Debug|Any CPU
		{0FA82BF3-E788-4F1E-998F-F2D4AEE01E1C}.Release|Any CPU.ActiveCfg = Release|Any CPU
		{0FA82BF3-E788-4F1E-998F-F2D4AEE01E1C}.Release|Any CPU.Build.0 = Release|Any CPU
		{2AF53021-34E0-47CD-BB1F-813521592FC7}.Debug|Any CPU.ActiveCfg = Debug|Any CPU
		{2AF53021-34E0-47CD-BB1F-813521592FC7}.Debug|Any CPU.Build.0 = Debug|Any CPU
		{2AF53021-34E0-47CD-BB1F-813521592FC7}.Release|Any CPU.ActiveCfg = Release|Any CPU
		{2AF53021-34E0-47CD-BB1F-813521592FC7}.Release|Any CPU.Build.0 = Release|Any CPU
		{B26058C9-97C2-428A-A99C-8326DF43919E}.Debug|Any CPU.ActiveCfg = Debug|Any CPU
		{B26058C9-97C2-428A-A99C-8326DF43919E}.Debug|Any CPU.Build.0 = Debug|Any CPU
		{B26058C9-97C2-428A-A99C-8326DF43919E}.Release|Any CPU.ActiveCfg = Release|Any CPU
		{B26058C9-97C2-428A-A99C-8326DF43919E}.Release|Any CPU.Build.0 = Release|Any CPU
	EndGlobalSection
	GlobalSection(SolutionProperties) = preSolution
		HideSolutionNode = FALSE
	EndGlobalSection
	GlobalSection(ExtensibilityGlobals) = postSolution
		SolutionGuid = {F5409CE6-CE2B-48B1-A615-5285FAC7C755}
	EndGlobalSection
EndGlobal
